# Files vendored from other repositories and kept byte-equal to their source by
# vendor-sync.sh, one per line: LOCAL OWNER/REPO PATH COMMIT BLOB [manual]. Never edit a
# copy in place: change it at its source and let the weekly cascade bring it back. How it
# works: references/bump-cascade.md in https://github.com/rokokol/ci-skill
vendor-sync.sh rokokol/ci-skill templates/vendor-sync.sh 65a870043a54563fe72302de56b9d06ce932adbd 65748845239e8495855de9e11fb36dd633c372c6
check-pins.sh rokokol/ci-skill templates/check-pins.sh 65a870043a54563fe72302de56b9d06ce932adbd f44a172369006a0aae79f4a4f0f1d6e6afde2203
scripts/t.sh rokokol/tests-skill t.sh d6fb20f73a01640e8e0aa3fd88867eeebaa49462 8d4707f2a46d7d59ea5d7e72510b323b04d09f55
scripts/markers/ rokokol/tests-skill markers/ f82cadb0c1a297a37f322cb03a5b13f0d528ab45 65d141bbf07ecb99a3bd6ebfe4e0d3050a2c1ab4
.github/workflows/vendor-sync.yml rokokol/ci-skill templates/github/workflows/vendor-sync.yml d55020ab3ca780ea6299336d923b8a3fcb8f491d a5bde77f98d55a43b2c993f4c96a952e0b68010d manual
